
Microsoft Visual Studio Solution File, Format Version 12.00
# Visual Studio Version 17
VisualStudioVersion = 17.0.31903.59
MinimumVisualStudioVersion = 10.0.40219.1
Project("{2150E333-8FDC-42A3-9474-1A3956D46DE8}") = "src", "src", "{827E0CD3-B72D-47B6-A68D-7590B98EB39B}"
EndProject
Project("{FAE04EC0-301F-11D3-BF4B-00C04F79EFBC}") = "Ruig.Api", "src\Ruig.Api\Ruig.Api.csproj", "{8D15E5CC-F3E6-4FA3-A97B-D0CA86E0CEF1}"
EndProject
Project("{FAE04EC0-301F-11D3-BF4B-00C04F79EFBC}") = "Ruig.Application", "src\Ruig.Application\Ruig.Application.csproj", "{560F333F-3D84-48BA-B1A4-102D5FF2F841}"
EndProject
Project("{FAE04EC0-301F-11D3-BF4B-00C04F79EFBC}") = "Ruig.Domain", "src\Ruig.Domain\Ruig.Domain.csproj", "{73F0BC50-222C-43D3-B188-8363E0CE2B32}"
EndProject
Project("{FAE04EC0-301F-11D3-BF4B-00C04F79EFBC}") = "Ruig.Infrastructure", "src\Ruig.Infrastructure\Ruig.Infrastructure.csproj", "{95ACA293-4398-41A6-B070-39AEB785CB0F}"
EndProject
Global
	GlobalSection(SolutionConfigurationPlatforms) = preSolution
		Debug|Any CPU = Debug|Any CPU
		Debug|x64 = Debug|x64
		Debug|x86 = Debug|x86
		Release|Any CPU = Release|Any CPU
		Release|x64 = Release|x64
		Release|x86 = Release|x86
	EndGlobalSection
	GlobalSection(ProjectConfigurationPlatforms) = postSolution
		{8D15E5CC-F3E6-4FA3-A97B-D0CA86E0CEF1}.Debug|Any CPU.ActiveCfg = Debug|Any CPU
		{8D15E5CC-F3E6-4FA3-A97B-D0CA86E0CEF1}.Debug|Any CPU.Build.0 = Debug|Any CPU
		{8D15E5CC-F3E6-4FA3-A97B-D0CA86E0CEF1}.Debug|x64.ActiveCfg = Debug|Any CPU
		{8D15E5CC-F3E6-4FA3-A97B-D0CA86E0CEF1}.Debug|x64.Build.0 = Debug|Any CPU
		{8D15E5CC-F3E6-4FA3-A97B-D0CA86E0CEF1}.Debug|x86.ActiveCfg = Debug|Any CPU
		{8D15E5CC-F3E6-4FA3-A97B-D0CA86E0CEF1}.Debug|x86.Build.0 = Debug|Any CPU
		{8D15E5CC-F3E6-4FA3-A97B-D0CA86E0CEF1}.Release|Any CPU.ActiveCfg = Release|Any CPU
		{8D15E5CC-F3E6-4FA3-A97B-D0CA86E0CEF1}.Release|Any CPU.Build.0 = Release|Any CPU
		{8D15E5CC-F3E6-4FA3-A97B-D0CA86E0CEF1}.Release|x64.ActiveCfg = Release|Any CPU
		{8D15E5CC-F3E6-4FA3-A97B-D0CA86E0CEF1}.Release|x64.Build.0 = Release|Any CPU
		{8D15E5CC-F3E6-4FA3-A97B-D0CA86E0CEF1}.Release|x86.ActiveCfg = Release|Any CPU
		{8D15E5CC-F3E6-4FA3-A97B-D0CA86E0CEF1}.Release|x86.Build.0 = Release|Any CPU
		{560F333F-3D84-48BA-B1A4-102D5FF2F841}.Debug|Any CPU.ActiveCfg = Debug|Any CPU
		{560F333F-3D84-48BA-B1A4-102D5FF2F841}.Debug|Any CPU.Build.0 = Debug|Any CPU
		{560F333F-3D84-48BA-B1A4-102D5FF2F841}.Debug|x64.ActiveCfg = Debug|Any CPU
		{560F333F-3D84-48BA-B1A4-102D5FF2F841}.Debug|x64.Build.0 = Debug|Any CPU
		{560F333F-3D84-48BA-B1A4-102D5FF2F841}.Debug|x86.ActiveCfg = Debug|Any CPU
		{560F333F-3D84-48BA-B1A4-102D5FF2F841}.Debug|x86.Build.0 = Debug|Any CPU
		{560F333F-3D84-48BA-B1A4-102D5FF2F841}.Release|Any CPU.ActiveCfg = Release|Any CPU
		{560F333F-3D84-48BA-B1A4-102D5FF2F841}.Release|Any CPU.Build.0 = Release|Any CPU
		{560F333F-3D84-48BA-B1A4-102D5FF2F841}.Release|x64.ActiveCfg = Release|Any CPU
		{560F333F-3D84-48BA-B1A4-102D5FF2F841}.Release|x64.Build.0 = Release|Any CPU
		{560F333F-3D84-48BA-B1A4-102D5FF2F841}.Release|x86.ActiveCfg = Release|Any CPU
		{560F333F-3D84-48BA-B1A4-102D5FF2F841}.Release|x86.Build.0 = Release|Any CPU
		{73F0BC50-222C-43D3-B188-8363E0CE2B32}.Debug|Any CPU.ActiveCfg = Debug|Any CPU
		{73F0BC50-222C-43D3-B188-8363E0CE2B32}.Debug|Any CPU.Build.0 = Debug|Any CPU
		{73F0BC50-222C-43D3-B188-8363E0CE2B32}.Debug|x64.ActiveCfg = Debug|Any CPU
		{73F0BC50-222C-43D3-B188-8363E0CE2B32}.Debug|x64.Build.0 = Debug|Any CPU
		{73F0BC50-222C-43D3-B188-8363E0CE2B32}.Debug|x86.ActiveCfg = Debug|Any CPU
		{73F0BC50-222C-43D3-B188-8363E0CE2B32}.Debug|x86.Build.0 = Debug|Any CPU
		{73F0BC50-222C-43D3-B188-8363E0CE2B32}.Release|Any CPU.ActiveCfg = Release|Any CPU
		{73F0BC50-222C-43D3-B188-8363E0CE2B32}.Release|Any CPU.Build.0 = Release|Any CPU
		{73F0BC50-222C-43D3-B188-8363E0CE2B32}.Release|x64.ActiveCfg = Release|Any CPU
		{73F0BC50-222C-43D3-B188-8363E0CE2B32}.Release|x64.Build.0 = Release|Any CPU
		{73F0BC50-222C-43D3-B188-8363E0CE2B32}.Release|x86.ActiveCfg = Release|Any CPU
		{73F0BC50-222C-43D3-B188-8363E0CE2B32}.Release|x86.Build.0 = Release|Any CPU
		{95ACA293-4398-41A6-B070-39AEB785CB0F}.Debug|Any CPU.ActiveCfg = Debug|Any CPU
		{95ACA293-4398-41A6-B070-39AEB785CB0F}.Debug|Any CPU.Build.0 = Debug|Any CPU
		{95ACA293-4398-41A6-B070-39AEB785CB0F}.Debug|x64.ActiveCfg = Debug|Any CPU
		{95ACA293-4398-41A6-B070-39AEB785CB0F}.Debug|x64.Build.0 = Debug|Any CPU
		{95ACA293-4398-41A6-B070-39AEB785CB0F}.Debug|x86.ActiveCfg = Debug|Any CPU
		{95ACA293-4398-41A6-B070-39AEB785CB0F}.Debug|x86.Build.0 = Debug|Any CPU
		{95ACA293-4398-41A6-B070-39AEB785CB0F}.Release|Any CPU.ActiveCfg = Release|Any CPU
		{95ACA293-4398-41A6-B070-39AEB785CB0F}.Release|Any CPU.Build.0 = Release|Any CPU
		{95ACA293-4398-41A6-B070-39AEB785CB0F}.Release|x64.ActiveCfg = Release|Any CPU
		{95ACA293-4398-41A6-B070-39AEB785CB0F}.Release|x64.Build.0 = Release|Any CPU
		{95ACA293-4398-41A6-B070-39AEB785CB0F}.Release|x86.ActiveCfg = Release|Any CPU
		{95ACA293-4398-41A6-B070-39AEB785CB0F}.Release|x86.Build.0 = Release|Any CPU
	EndGlobalSection
	GlobalSection(SolutionProperties) = preSolution
		HideSolutionNode = FALSE
	EndGlobalSection
	GlobalSection(NestedProjects) = preSolution
		{8D15E5CC-F3E6-4FA3-A97B-D0CA86E0CEF1} = {827E0CD3-B72D-47B6-A68D-7590B98EB39B}
		{560F333F-3D84-48BA-B1A4-102D5FF2F841} = {827E0CD3-B72D-47B6-A68D-7590B98EB39B}
		{73F0BC50-222C-43D3-B188-8363E0CE2B32} = {827E0CD3-B72D-47B6-A68D-7590B98EB39B}
		{95ACA293-4398-41A6-B070-39AEB785CB0F} = {827E0CD3-B72D-47B6-A68D-7590B98EB39B}
	EndGlobalSection
EndGlobal
